
Microsoft Visual Studio Solution File, Format Version 12.00
# Visual Studio Version 17
VisualStudioVersion = 17.11.35222.181
MinimumVisualStudioVersion = 10.0.40219.1
Project("{FAE04EC0-301F-11D3-BF4B-00C04F79EFBC}") = "Torpedo-server", "Torpedo-server.csproj", "{CC861E63-9414-4526-8A85-1C3BCD7DA377}"
EndProject
Global
	GlobalSection(SolutionConfigurationPlatforms) = preSolution
		Debug|Any CPU = Debug|Any CPU
		Release|Any CPU = Release|Any CPU
	EndGlobalSection
	GlobalSection(ProjectConfigurationPlatforms) = postSolution
		{CC861E63-9414-4526-8A85-1C3BCD7DA377}.Debug|Any CPU.ActiveCfg = Debug|Any CPU
		{CC861E63-9414-4526-8A85-1C3BCD7DA377}.Debug|Any CPU.Build.0 = Debug|Any CPU
		{CC861E63-9414-4526-8A85-1C3BCD7DA377}.Release|Any CPU.ActiveCfg = Release|Any CPU
		{CC861E63-9414-4526-8A85-1C3BCD7DA377}.Release|Any CPU.Build.0 = Release|Any CPU
	EndGlobalSection
	GlobalSection(SolutionProperties) = preSolution
		HideSolutionNode = FALSE
	EndGlobalSection
	GlobalSection(ExtensibilityGlobals) = postSolution
		SolutionGuid = {F47F6FB0-FADB-4EE7-8A11-BF0B7EF97F6F}
	EndGlobalSection
EndGlobal
