
Microsoft Visual Studio Solution File, Format Version 12.00
# Visual Studio Version 17
VisualStudioVersion = 17.11.35222.181
MinimumVisualStudioVersion = 10.0.40219.1
Project("{FAE04EC0-301F-11D3-BF4B-00C04F79EFBC}") = "server", "server.csproj", "{A192D63A-66F0-4277-94E1-734A999A6CBB}"
EndProject
Global
	GlobalSection(SolutionConfigurationPlatforms) = preSolution
		Debug|Any CPU = Debug|Any CPU
		Release|Any CPU = Release|Any CPU
	EndGlobalSection
	GlobalSection(ProjectConfigurationPlatforms) = postSolution
		{A192D63A-66F0-4277-94E1-734A999A6CBB}.Debug|Any CPU.ActiveCfg = Debug|Any CPU
		{A192D63A-66F0-4277-94E1-734A999A6CBB}.Debug|Any CPU.Build.0 = Debug|Any CPU
		{A192D63A-66F0-4277-94E1-734A999A6CBB}.Release|Any CPU.ActiveCfg = Release|Any CPU
		{A192D63A-66F0-4277-94E1-734A999A6CBB}.Release|Any CPU.Build.0 = Release|Any CPU
	EndGlobalSection
	GlobalSection(SolutionProperties) = preSolution
		HideSolutionNode = FALSE
	EndGlobalSection
	GlobalSection(ExtensibilityGlobals) = postSolution
		SolutionGuid = {A4AA8FA8-E2EA-44E7-9C5F-9922BCC56B00}
	EndGlobalSection
EndGlobal
